
Microsoft Visual Studio Solution File, Format Version 12.00
# Visual Studio 15
VisualStudioVersion = 15.0.28307.421
MinimumVisualStudioVersion = 10.0.40219.1
Project("{FAE04EC0-301F-11D3-BF4B-00C04F79EFBC}") = "Everyday", "Everyday\Everyday.csproj", "{72EC1B5E-4E60-42C6-A611-5AAC14A8CFD8}"
EndProject
Global
	GlobalSection(SolutionConfigurationPlatforms) = preSolution
		Debug|Any CPU = Debug|Any CPU
		Release|Any CPU = Release|Any CPU
	EndGlobalSection
	GlobalSection(ProjectConfigurationPlatforms) = postSolution
		{72EC1B5E-4E60-42C6-A611-5AAC14A8CFD8}.Debug|Any CPU.ActiveCfg = Debug|Any CPU
		{72EC1B5E-4E60-42C6-A611-5AAC14A8CFD8}.Debug|Any CPU.Build.0 = Debug|Any CPU
		{72EC1B5E-4E60-42C6-A611-5AAC14A8CFD8}.Release|Any CPU.ActiveCfg = Release|Any CPU
		{72EC1B5E-4E60-42C6-A611-5AAC14A8CFD8}.Release|Any CPU.Build.0 = Release|Any CPU
	EndGlobalSection
	GlobalSection(SolutionProperties) = preSolution
		HideSolutionNode = FALSE
	EndGlobalSection
	GlobalSection(ExtensibilityGlobals) = postSolution
		SolutionGuid = {5ABF82CA-4F01-4C3D-8D9C-E804BA4F31CA}
	EndGlobalSection
EndGlobal
